{
  "lockfile_version": "1",
  "packages": {
    "argocd@2.11.7": {
      "last_modified": "2024-07-31T08:48:38Z",
      "resolved": "github:NixOS/nixpkgs/c3392ad349a5227f4a3464dce87bcc5046692fce#argocd",
      "source": "devbox-search",
      "version": "2.11.7",
      "systems": {
        "aarch64-darwin": {
          "outputs": [
            {
              "name": "out",
              "path": "/nix/store/2z4kfqb34r01mjldcccrb7smrj1gqb8g-argocd-2.11.7",
              "default": true
            }
          ],
          "store_path": "/nix/store/2z4kfqb34r01mjldcccrb7smrj1gqb8g-argocd-2.11.7"
        },
        "aarch64-linux": {
          "outputs": [
            {
              "name": "out",
              "path": "/nix/store/zkzz7v2lss8a8v8bwihirfp5p1ywgysv-argocd-2.11.7",
              "default": true
            }
          ],
          "store_path": "/nix/store/zkzz7v2lss8a8v8bwihirfp5p1ywgysv-argocd-2.11.7"
        },
        "x86_64-darwin": {
          "outputs": [
            {
              "name": "out",
              "path": "/nix/store/rmdg7jk2zxd1kbgii2wpbq8lvlnrznhq-argocd-2.11.7",
              "default": true
            }
          ],
          "store_path": "/nix/store/rmdg7jk2zxd1kbgii2wpbq8lvlnrznhq-argocd-2.11.7"
        },
        "x86_64-linux": {
          "outputs": [
            {
              "name": "out",
              "path": "/nix/store/5rjvydsj9ywh405l4ql63jflvbfhy9m6-argocd-2.11.7",
              "default": true
            }
          ],
          "store_path": "/nix/store/5rjvydsj9ywh405l4ql63jflvbfhy9m6-argocd-2.11.7"
        }
      }
    },
    "docker@27.1.1": {
      "last_modified": "2024-09-10T15:01:03Z",
      "resolved": "github:NixOS/nixpkgs/5ed627539ac84809c78b2dd6d26a5cebeb5ae269#docker",
      "source": "devbox-search",
      "version": "27.1.1",
      "systems": {
        "aarch64-darwin": {
          "outputs": [
            {
              "name": "out",
              "path": "/nix/store/y46mg0gkzz9mb5r5rnga6f83iwwi0bwv-docker-27.1.1",
              "default": true
            }
          ],
          "store_path": "/nix/store/y46mg0gkzz9mb5r5rnga6f83iwwi0bwv-docker-27.1.1"
        },
        "aarch64-linux": {
          "outputs": [
            {
              "name": "out",
              "path": "/nix/store/4k50mdzjagn7biwahc22wskr7dgmfbqp-docker-27.1.1",
              "default": true
            }
          ],
          "store_path": "/nix/store/4k50mdzjagn7biwahc22wskr7dgmfbqp-docker-27.1.1"
        },
        "x86_64-darwin": {
          "outputs": [
            {
              "name": "out",
              "path": "/nix/store/3y1mk7dwp46r0r0r4gk0qmsk9jas1r3k-docker-27.1.1",
              "default": true
            }
          ],
          "store_path": "/nix/store/3y1mk7dwp46r0r0r4gk0qmsk9jas1r3k-docker-27.1.1"
        },
        "x86_64-linux": {
          "outputs": [
            {
              "name": "out",
              "path": "/nix/store/bs3yqm8xprnz8p5b3cw7rhxhpcrinspc-docker-27.1.1",
              "default": true
            }
          ],
          "store_path": "/nix/store/bs3yqm8xprnz8p5b3cw7rhxhpcrinspc-docker-27.1.1"
        }
      }
    },
    "go-task@3.38.0": {
      "last_modified": "2024-09-10T15:01:03Z",
      "resolved": "github:NixOS/nixpkgs/5ed627539ac84809c78b2dd6d26a5cebeb5ae269#go-task",
      "source": "devbox-search",
      "version": "3.38.0",
      "systems": {
        "aarch64-darwin": {
          "outputs": [
            {
              "name": "out",
              "path": "/nix/store/6fnjga1f6y9yw0xfa7bqq48mk4wnwj60-go-task-3.38.0",
              "default": true
            }
          ],
          "store_path": "/nix/store/6fnjga1f6y9yw0xfa7bqq48mk4wnwj60-go-task-3.38.0"
        },
        "aarch64-linux": {
          "outputs": [
            {
              "name": "out",
              "path": "/nix/store/y00rivpjziw0zpzacdxjmrs5i28d7grf-go-task-3.38.0",
              "default": true
            }
          ],
          "store_path": "/nix/store/y00rivpjziw0zpzacdxjmrs5i28d7grf-go-task-3.38.0"
        },
        "x86_64-darwin": {
          "outputs": [
            {
              "name": "out",
              "path": "/nix/store/kc0zm9kgsraznqyns5jqv0dixfgk6fm7-go-task-3.38.0",
              "default": true
            }
          ],
          "store_path": "/nix/store/kc0zm9kgsraznqyns5jqv0dixfgk6fm7-go-task-3.38.0"
        },
        "x86_64-linux": {
          "outputs": [
            {
              "name": "out",
              "path": "/nix/store/6fya93gcf8sla6npxp99rnbvyj6pmnr5-go-task-3.38.0",
              "default": true
            }
          ],
          "store_path": "/nix/store/6fya93gcf8sla6npxp99rnbvyj6pmnr5-go-task-3.38.0"
        }
      }
    },
    "go@1.22.5": {
      "last_modified": "2024-08-14T11:41:26Z",
      "resolved": "github:NixOS/nixpkgs/0cb2fd7c59fed0cd82ef858cbcbdb552b9a33465#go",
      "source": "devbox-search",
      "version": "1.22.5",
      "systems": {
        "aarch64-darwin": {
          "outputs": [
            {
              "name": "out",
              "path": "/nix/store/p2i1kd6n12qj3s8kx65l3199mmjcffwz-go-1.22.5",
              "default": true
            }
          ],
          "store_path": "/nix/store/p2i1kd6n12qj3s8kx65l3199mmjcffwz-go-1.22.5"
        },
        "aarch64-linux": {
          "outputs": [
            {
              "name": "out",
              "path": "/nix/store/xvwr7mp9yqafl8pclayhrhdcxkszaf6d-go-1.22.5",
              "default": true
            }
          ],
          "store_path": "/nix/store/xvwr7mp9yqafl8pclayhrhdcxkszaf6d-go-1.22.5"
        },
        "x86_64-darwin": {
          "outputs": [
            {
              "name": "out",
              "path": "/nix/store/vkrmfnargqkzg5amlfl4yh8vgxja7pli-go-1.22.5",
              "default": true
            }
          ],
          "store_path": "/nix/store/vkrmfnargqkzg5amlfl4yh8vgxja7pli-go-1.22.5"
        },
        "x86_64-linux": {
          "outputs": [
            {
              "name": "out",
              "path": "/nix/store/4ay992wzksf59aapkkh5lflv4rkbmdjy-go-1.22.5",
              "default": true
            }
          ],
          "store_path": "/nix/store/4ay992wzksf59aapkkh5lflv4rkbmdjy-go-1.22.5"
        }
      }
    },
    "golangci-lint@1.63.4": {
      "last_modified": "2025-01-19T08:16:51Z",
      "resolved": "github:NixOS/nixpkgs/50165c4f7eb48ce82bd063e1fb8047a0f515f8ce#golangci-lint",
      "source": "devbox-search",
      "version": "1.63.4",
      "systems": {
        "aarch64-darwin": {
          "outputs": [
            {
              "name": "out",
              "path": "/nix/store/p81vg4szd85xb1m5r17fn6h2cd433xv9-golangci-lint-1.63.4",
              "default": true
            }
          ],
          "store_path": "/nix/store/p81vg4szd85xb1m5r17fn6h2cd433xv9-golangci-lint-1.63.4"
        },
        "aarch64-linux": {
          "outputs": [
            {
              "name": "out",
              "path": "/nix/store/45k8x4b0ygqwpf7di7rcglxsz8ykxz9z-golangci-lint-1.63.4",
              "default": true
            }
          ],
          "store_path": "/nix/store/45k8x4b0ygqwpf7di7rcglxsz8ykxz9z-golangci-lint-1.63.4"
        },
        "x86_64-darwin": {
          "outputs": [
            {
              "name": "out",
              "path": "/nix/store/2xslqh1iyjbhwyynxw09ygfaxzfhmakp-golangci-lint-1.63.4",
              "default": true
            }
          ],
          "store_path": "/nix/store/2xslqh1iyjbhwyynxw09ygfaxzfhmakp-golangci-lint-1.63.4"
        },
        "x86_64-linux": {
          "outputs": [
            {
              "name": "out",
              "path": "/nix/store/71a493qsawf2gsh3s31zsbrw5pg8psmc-golangci-lint-1.63.4",
              "default": true
            }
          ],
          "store_path": "/nix/store/71a493qsawf2gsh3s31zsbrw5pg8psmc-golangci-lint-1.63.4"
        }
      }
    },
    "gopls@latest": {
      "last_modified": "2025-01-19T08:16:51Z",
      "resolved": "github:NixOS/nixpkgs/50165c4f7eb48ce82bd063e1fb8047a0f515f8ce#gopls",
      "source": "devbox-search",
      "version": "0.17.1",
      "systems": {
        "aarch64-darwin": {
          "outputs": [
            {
              "name": "out",
              "path": "/nix/store/q2hdw5fzngsap4khf9h0aypxa9ryvvyh-gopls-0.17.1",
              "default": true
            }
          ],
          "store_path": "/nix/store/q2hdw5fzngsap4khf9h0aypxa9ryvvyh-gopls-0.17.1"
        },
        "aarch64-linux": {
          "outputs": [
            {
              "name": "out",
              "path": "/nix/store/1lk59gw5xaxakd3zah2mwwjfz4s66dyj-gopls-0.17.1",
              "default": true
            }
          ],
          "store_path": "/nix/store/1lk59gw5xaxakd3zah2mwwjfz4s66dyj-gopls-0.17.1"
        },
        "x86_64-darwin": {
          "outputs": [
            {
              "name": "out",
              "path": "/nix/store/m462xbn8i4fc04ji8fbzk72285p1yxgm-gopls-0.17.1",
              "default": true
            }
          ],
          "store_path": "/nix/store/m462xbn8i4fc04ji8fbzk72285p1yxgm-gopls-0.17.1"
        },
        "x86_64-linux": {
          "outputs": [
            {
              "name": "out",
              "path": "/nix/store/ramlxiidsvf0hh3jrfxyvqxnlm2q6gw4-gopls-0.17.1",
              "default": true
            }
          ],
          "store_path": "/nix/store/ramlxiidsvf0hh3jrfxyvqxnlm2q6gw4-gopls-0.17.1"
        }
      }
    },
    "kubebuilder@4.1.0": {
      "last_modified": "2024-08-14T11:41:26Z",
      "resolved": "github:NixOS/nixpkgs/0cb2fd7c59fed0cd82ef858cbcbdb552b9a33465#kubebuilder",
      "source": "devbox-search",
      "version": "4.1.0",
      "systems": {
        "aarch64-darwin": {
          "outputs": [
            {
              "name": "out",
              "path": "/nix/store/6chd3dj8k5xvgjkw5hwzvcm5494y9431-kubebuilder-4.1.0",
              "default": true
            }
          ],
          "store_path": "/nix/store/6chd3dj8k5xvgjkw5hwzvcm5494y9431-kubebuilder-4.1.0"
        },
        "aarch64-linux": {
          "outputs": [
            {
              "name": "out",
              "path": "/nix/store/5kmn9rqgqrgpaf1dyvk0nvh7ka31782v-kubebuilder-4.1.0",
              "default": true
            }
          ],
          "store_path": "/nix/store/5kmn9rqgqrgpaf1dyvk0nvh7ka31782v-kubebuilder-4.1.0"
        },
        "x86_64-darwin": {
          "outputs": [
            {
              "name": "out",
              "path": "/nix/store/qb94vk89dhn5j6chqwb2c40mfaf76mvy-kubebuilder-4.1.0",
              "default": true
            }
          ],
          "store_path": "/nix/store/qb94vk89dhn5j6chqwb2c40mfaf76mvy-kubebuilder-4.1.0"
        },
        "x86_64-linux": {
          "outputs": [
            {
              "name": "out",
              "path": "/nix/store/rxsbhhmfp2nyyx603shw1r4gnksr8542-kubebuilder-4.1.0",
              "default": true
            }
          ],
          "store_path": "/nix/store/rxsbhhmfp2nyyx603shw1r4gnksr8542-kubebuilder-4.1.0"
        }
      }
    },
    "kubectl@1.30.2": {
      "last_modified": "2024-08-14T11:41:26Z",
      "resolved": "github:NixOS/nixpkgs/0cb2fd7c59fed0cd82ef858cbcbdb552b9a33465#kubectl",
      "source": "devbox-search",
      "version": "1.30.2",
      "systems": {
        "aarch64-darwin": {
          "outputs": [
            {
              "name": "out",
              "path": "/nix/store/nwjg3cspgkan2k6bah5dfkvah794fh04-kubectl-1.30.2",
              "default": true
            },
            {
              "name": "man",
              "path": "/nix/store/7nsx8jzlr6mbz1inrgdjl2hm4ifq9bzh-kubectl-1.30.2-man",
              "default": true
            },
            {
              "name": "convert",
              "path": "/nix/store/sc97rbg7y8p2ag4h8njaax4s8jgplm3m-kubectl-1.30.2-convert"
            }
          ],
          "store_path": "/nix/store/nwjg3cspgkan2k6bah5dfkvah794fh04-kubectl-1.30.2"
        },
        "aarch64-linux": {
          "outputs": [
            {
              "name": "out",
              "path": "/nix/store/mwv97hrxm5akhbab8mwkc6pk7m9pq0g2-kubectl-1.30.2",
              "default": true
            },
            {
              "name": "man",
              "path": "/nix/store/1php79xym9ym4g9qbp33qxv6wgmhc890-kubectl-1.30.2-man",
              "default": true
            },
            {
              "name": "convert",
              "path": "/nix/store/j5b2iamzrvr15i8pp337jx55azbh4vs6-kubectl-1.30.2-convert"
            }
          ],
          "store_path": "/nix/store/mwv97hrxm5akhbab8mwkc6pk7m9pq0g2-kubectl-1.30.2"
        },
        "x86_64-darwin": {
          "outputs": [
            {
              "name": "out",
              "path": "/nix/store/drdsdr7ljibz32rx3ski97zdh4p4db63-kubectl-1.30.2",
              "default": true
            },
            {
              "name": "man",
              "path": "/nix/store/cii7fnm3gfv9q33kw2jbaw8mx61jnix2-kubectl-1.30.2-man",
              "default": true
            },
            {
              "name": "convert",
              "path": "/nix/store/q9b9ykf0vh7ms317wr9rdbp9dm0b4l0d-kubectl-1.30.2-convert"
            }
          ],
          "store_path": "/nix/store/drdsdr7ljibz32rx3ski97zdh4p4db63-kubectl-1.30.2"
        },
        "x86_64-linux": {
          "outputs": [
            {
              "name": "out",
              "path": "/nix/store/00kf7m44clwcwdp1nnhwxbsbyfc31m56-kubectl-1.30.2",
              "default": true
            },
            {
              "name": "man",
              "path": "/nix/store/4if9ph3frgf1irspr0sl9diav2s2aqvw-kubectl-1.30.2-man",
              "default": true
            },
            {
              "name": "convert",
              "path": "/nix/store/ggszgdaam3jhzq8801brpj18c81n1p4d-kubectl-1.30.2-convert"
            }
          ],
          "store_path": "/nix/store/00kf7m44clwcwdp1nnhwxbsbyfc31m56-kubectl-1.30.2"
        }
      }
    },
    "pre-commit@3.7.1": {
      "last_modified": "2024-10-16T02:16:09Z",
      "resolved": "github:NixOS/nixpkgs/70cc7b62f2b448a487de36e1fd714693c59c4719#pre-commit",
      "source": "devbox-search",
      "version": "3.7.1",
      "systems": {
        "aarch64-darwin": {
          "outputs": [
            {
              "name": "out",
              "path": "/nix/store/flzj4pzl43m29ml7brh4gabw9rxrvrml-pre-commit-3.7.1",
              "default": true
            },
            {
              "name": "dist",
              "path": "/nix/store/87dhz8r6jwy3487h78bbivhw9mg8g8h9-pre-commit-3.7.1-dist"
            }
          ],
          "store_path": "/nix/store/flzj4pzl43m29ml7brh4gabw9rxrvrml-pre-commit-3.7.1"
        },
        "aarch64-linux": {
          "outputs": [
            {
              "name": "out",
              "path": "/nix/store/jddjbmxg9rlawirkr8pg9dlj0xma9w1q-pre-commit-3.7.1",
              "default": true
            },
            {
              "name": "dist",
              "path": "/nix/store/2lpy8sfhcnn33ia5c77g5gyg1zz6b0qg-pre-commit-3.7.1-dist"
            }
          ],
          "store_path": "/nix/store/jddjbmxg9rlawirkr8pg9dlj0xma9w1q-pre-commit-3.7.1"
        },
        "x86_64-darwin": {
          "outputs": [
            {
              "name": "out",
              "path": "/nix/store/2ycxh3vvj0b1bk2pgj84jg88l49hbwq3-pre-commit-3.7.1",
              "default": true
            },
            {
              "name": "dist",
              "path": "/nix/store/0wfmhzk48ziaw6vd26shy5mjazg9qsjc-pre-commit-3.7.1-dist"
            }
          ],
          "store_path": "/nix/store/2ycxh3vvj0b1bk2pgj84jg88l49hbwq3-pre-commit-3.7.1"
        },
        "x86_64-linux": {
          "outputs": [
            {
              "name": "out",
              "path": "/nix/store/zp9vk1y2fzlavzaz67ikipgh9hq58pxr-pre-commit-3.7.1",
              "default": true
            },
            {
              "name": "dist",
              "path": "/nix/store/k3hc0dqi88iik1n1kjc9ddp6rf9wp11v-pre-commit-3.7.1-dist"
            }
          ],
          "store_path": "/nix/store/zp9vk1y2fzlavzaz67ikipgh9hq58pxr-pre-commit-3.7.1"
        }
      }
    },
    "zsh-autosuggestions@0.7.0": {
      "last_modified": "2024-12-03T12:40:06Z",
      "resolved": "github:NixOS/nixpkgs/566e53c2ad750c84f6d31f9ccb9d00f823165550#zsh-autosuggestions",
      "source": "devbox-search",
      "version": "0.7.0",
      "systems": {
        "aarch64-darwin": {
          "outputs": [
            {
              "name": "out",
              "path": "/nix/store/ihshs3a1is0v5gps4irf75nrrcls252d-zsh-autosuggestions-0.7.0",
              "default": true
            }
          ],
          "store_path": "/nix/store/ihshs3a1is0v5gps4irf75nrrcls252d-zsh-autosuggestions-0.7.0"
        },
        "aarch64-linux": {
          "outputs": [
            {
              "name": "out",
              "path": "/nix/store/iizhpsfsj8pr9ibxgfqp7v7qldyb6wjx-zsh-autosuggestions-0.7.0",
              "default": true
            }
          ],
          "store_path": "/nix/store/iizhpsfsj8pr9ibxgfqp7v7qldyb6wjx-zsh-autosuggestions-0.7.0"
        },
        "x86_64-darwin": {
          "outputs": [
            {
              "name": "out",
              "path": "/nix/store/4yjxbp8a5p699bav4wzia2zlv1s2dp7r-zsh-autosuggestions-0.7.0",
              "default": true
            }
          ],
          "store_path": "/nix/store/4yjxbp8a5p699bav4wzia2zlv1s2dp7r-zsh-autosuggestions-0.7.0"
        },
        "x86_64-linux": {
          "outputs": [
            {
              "name": "out",
              "path": "/nix/store/a968jwjkiyfqrl3vip547rd7r9xw8g5a-zsh-autosuggestions-0.7.0",
              "default": true
            }
          ],
          "store_path": "/nix/store/a968jwjkiyfqrl3vip547rd7r9xw8g5a-zsh-autosuggestions-0.7.0"
        }
      }
    }
  }
}
